
Microsoft Visual Studio Solution File, Format Version 12.00
# 
Project("{FAE04EC0-301F-11D3-BF4B-00C04F79EFBC}") = "Livraria.API", "Livraria.API\Livraria.API.csproj", "{205E7523-2327-460B-B194-1342B08A2760}"
EndProject
Project("{FAE04EC0-301F-11D3-BF4B-00C04F79EFBC}") = "Livraria.Domain", "Livraria.Domain\Livraria.Domain.csproj", "{EE3B66BB-C634-4D13-AFDD-6221E7C70795}"
EndProject
Project("{FAE04EC0-301F-11D3-BF4B-00C04F79EFBC}") = "Livraria.Infrastructure", "Livraria.Infrastructure\Livraria.Infrastructure.csproj", "{3D45125D-8D1A-4A4D-9AFF-C7AC9927E8B3}"
EndProject
Project("{2150E333-8FDC-42A3-9474-1A3956D46DE8}") = "Solution Items", "Solution Items", "{E01B2445-1801-4C3F-8DEC-B6409834DAE8}"
	ProjectSection(SolutionItems) = preProject
		docker-compose.yml = docker-compose.yml
	EndProjectSection
EndProject
Project("{FAE04EC0-301F-11D3-BF4B-00C04F79EFBC}") = "Livraria.Shared", "Livraria.Shared\Livraria.Shared.csproj", "{377C0991-BEEC-49B7-8896-6F53344BF0B2}"
EndProject
Project("{FAE04EC0-301F-11D3-BF4B-00C04F79EFBC}") = "Livraria.Application", "Livraria.Application\Livraria.Application.csproj", "{50B7F114-8B78-4CB2-B0E4-4386B41C1792}"
EndProject
Project("{FAE04EC0-301F-11D3-BF4B-00C04F79EFBC}") = "Livraria.Tests", "Livraria.Tests\Livraria.Tests.csproj", "{5540F4A4-ED78-4D24-AA74-9CE06F6BE519}"
EndProject
Global
	GlobalSection(SolutionConfigurationPlatforms) = preSolution
		Debug|Any CPU = Debug|Any CPU
		Release|Any CPU = Release|Any CPU
	EndGlobalSection
	GlobalSection(ProjectConfigurationPlatforms) = postSolution
		{205E7523-2327-460B-B194-1342B08A2760}.Debug|Any CPU.ActiveCfg = Debug|Any CPU
		{205E7523-2327-460B-B194-1342B08A2760}.Debug|Any CPU.Build.0 = Debug|Any CPU
		{205E7523-2327-460B-B194-1342B08A2760}.Release|Any CPU.ActiveCfg = Release|Any CPU
		{205E7523-2327-460B-B194-1342B08A2760}.Release|Any CPU.Build.0 = Release|Any CPU
		{EE3B66BB-C634-4D13-AFDD-6221E7C70795}.Debug|Any CPU.ActiveCfg = Debug|Any CPU
		{EE3B66BB-C634-4D13-AFDD-6221E7C70795}.Debug|Any CPU.Build.0 = Debug|Any CPU
		{EE3B66BB-C634-4D13-AFDD-6221E7C70795}.Release|Any CPU.ActiveCfg = Release|Any CPU
		{EE3B66BB-C634-4D13-AFDD-6221E7C70795}.Release|Any CPU.Build.0 = Release|Any CPU
		{3D45125D-8D1A-4A4D-9AFF-C7AC9927E8B3}.Debug|Any CPU.ActiveCfg = Debug|Any CPU
		{3D45125D-8D1A-4A4D-9AFF-C7AC9927E8B3}.Debug|Any CPU.Build.0 = Debug|Any CPU
		{3D45125D-8D1A-4A4D-9AFF-C7AC9927E8B3}.Release|Any CPU.ActiveCfg = Release|Any CPU
		{3D45125D-8D1A-4A4D-9AFF-C7AC9927E8B3}.Release|Any CPU.Build.0 = Release|Any CPU
		{377C0991-BEEC-49B7-8896-6F53344BF0B2}.Debug|Any CPU.ActiveCfg = Debug|Any CPU
		{377C0991-BEEC-49B7-8896-6F53344BF0B2}.Debug|Any CPU.Build.0 = Debug|Any CPU
		{377C0991-BEEC-49B7-8896-6F53344BF0B2}.Release|Any CPU.ActiveCfg = Release|Any CPU
		{377C0991-BEEC-49B7-8896-6F53344BF0B2}.Release|Any CPU.Build.0 = Release|Any CPU
		{50B7F114-8B78-4CB2-B0E4-4386B41C1792}.Debug|Any CPU.ActiveCfg = Debug|Any CPU
		{50B7F114-8B78-4CB2-B0E4-4386B41C1792}.Debug|Any CPU.Build.0 = Debug|Any CPU
		{50B7F114-8B78-4CB2-B0E4-4386B41C1792}.Release|Any CPU.ActiveCfg = Release|Any CPU
		{50B7F114-8B78-4CB2-B0E4-4386B41C1792}.Release|Any CPU.Build.0 = Release|Any CPU
		{5540F4A4-ED78-4D24-AA74-9CE06F6BE519}.Debug|Any CPU.ActiveCfg = Debug|Any CPU
		{5540F4A4-ED78-4D24-AA74-9CE06F6BE519}.Debug|Any CPU.Build.0 = Debug|Any CPU
		{5540F4A4-ED78-4D24-AA74-9CE06F6BE519}.Release|Any CPU.ActiveCfg = Release|Any CPU
		{5540F4A4-ED78-4D24-AA74-9CE06F6BE519}.Release|Any CPU.Build.0 = Release|Any CPU
	EndGlobalSection
EndGlobal
